
Microsoft Visual Studio Solution File, Format Version 12.00
# Visual Studio Version 17
VisualStudioVersion = 17.3.32819.101
MinimumVisualStudioVersion = 10.0.40219.1
Project("{9A19103F-16F7-4668-BE54-9A1E7A4F7556}") = "IoTDeviceAppEX", "IoTDeviceAppEX\IoTDeviceAppEX.csproj", "{60EC72EB-74E9-4D8A-806E-1DB7055D1B49}"
EndProject
Project("{9A19103F-16F7-4668-BE54-9A1E7A4F7556}") = "IotDeviceFunctionEX", "IotDeviceFunctionEX\IotDeviceFunctionEX.csproj", "{44EF90BF-3367-43F4-B456-074352657C6F}"
EndProject
Project("{FAE04EC0-301F-11D3-BF4B-00C04F79EFBC}") = "Device.ScreenWriterEX", "Device.ScreenWriterEX\Device.ScreenWriterEX.csproj", "{98996970-9E13-4F52-9B51-EE084CD07439}"
EndProject
Global
	GlobalSection(SolutionConfigurationPlatforms) = preSolution
		Debug|Any CPU = Debug|Any CPU
		Release|Any CPU = Release|Any CPU
	EndGlobalSection
	GlobalSection(ProjectConfigurationPlatforms) = postSolution
		{60EC72EB-74E9-4D8A-806E-1DB7055D1B49}.Debug|Any CPU.ActiveCfg = Debug|Any CPU
		{60EC72EB-74E9-4D8A-806E-1DB7055D1B49}.Debug|Any CPU.Build.0 = Debug|Any CPU
		{60EC72EB-74E9-4D8A-806E-1DB7055D1B49}.Release|Any CPU.ActiveCfg = Release|Any CPU
		{60EC72EB-74E9-4D8A-806E-1DB7055D1B49}.Release|Any CPU.Build.0 = Release|Any CPU
		{44EF90BF-3367-43F4-B456-074352657C6F}.Debug|Any CPU.ActiveCfg = Debug|Any CPU
		{44EF90BF-3367-43F4-B456-074352657C6F}.Debug|Any CPU.Build.0 = Debug|Any CPU
		{44EF90BF-3367-43F4-B456-074352657C6F}.Release|Any CPU.ActiveCfg = Release|Any CPU
		{44EF90BF-3367-43F4-B456-074352657C6F}.Release|Any CPU.Build.0 = Release|Any CPU
		{98996970-9E13-4F52-9B51-EE084CD07439}.Debug|Any CPU.ActiveCfg = Debug|Any CPU
		{98996970-9E13-4F52-9B51-EE084CD07439}.Debug|Any CPU.Build.0 = Debug|Any CPU
		{98996970-9E13-4F52-9B51-EE084CD07439}.Release|Any CPU.ActiveCfg = Release|Any CPU
		{98996970-9E13-4F52-9B51-EE084CD07439}.Release|Any CPU.Build.0 = Release|Any CPU
	EndGlobalSection
	GlobalSection(SolutionProperties) = preSolution
		HideSolutionNode = FALSE
	EndGlobalSection
	GlobalSection(ExtensibilityGlobals) = postSolution
		SolutionGuid = {67E03639-D210-4389-A7BA-81B8A1BF1B43}
	EndGlobalSection
EndGlobal
